
Microsoft Visual Studio Solution File, Format Version 12.00
# Visual Studio 15
VisualStudioVersion = 15.0.28010.2016
MinimumVisualStudioVersion = 10.0.40219.1
Project("{FAE04EC0-301F-11D3-BF4B-00C04F79EFBC}") = "WebApplication1", "WebApplication1\WebApplication1.csproj", "{77583DDE-1341-46E8-8F96-42E2427A9FFF}"
EndProject
Global
	GlobalSection(SolutionConfigurationPlatforms) = preSolution
		Debug|Any CPU = Debug|Any CPU
		Release|Any CPU = Release|Any CPU
	EndGlobalSection
	GlobalSection(ProjectConfigurationPlatforms) = postSolution
		{77583DDE-1341-46E8-8F96-42E2427A9FFF}.Debug|Any CPU.ActiveCfg = Debug|Any CPU
		{77583DDE-1341-46E8-8F96-42E2427A9FFF}.Debug|Any CPU.Build.0 = Debug|Any CPU
		{77583DDE-1341-46E8-8F96-42E2427A9FFF}.Release|Any CPU.ActiveCfg = Release|Any CPU
		{77583DDE-1341-46E8-8F96-42E2427A9FFF}.Release|Any CPU.Build.0 = Release|Any CPU
	EndGlobalSection
	GlobalSection(SolutionProperties) = preSolution
		HideSolutionNode = FALSE
	EndGlobalSection
	GlobalSection(ExtensibilityGlobals) = postSolution
		SolutionGuid = {7BFAF530-E192-454D-B203-0EB84200F348}
	EndGlobalSection
EndGlobal
